
Microsoft Visual Studio Solution File, Format Version 12.00
# Visual Studio Version 16
VisualStudioVersion = 16.0.31424.327
MinimumVisualStudioVersion = 10.0.40219.1
Project("{9A19103F-16F7-4668-BE54-9A1E7A4F7556}") = "MVC", "App\MVC.csproj", "{45B06D5E-5AB8-4DB9-AE87-DED4A745C9D9}"
EndProject
Project("{9A19103F-16F7-4668-BE54-9A1E7A4F7556}") = "Entities", "Entities\Entities.csproj", "{24561126-C7CC-421A-91DC-2040894042CF}"
EndProject
Project("{9A19103F-16F7-4668-BE54-9A1E7A4F7556}") = "Data", "Data\Data.csproj", "{10104266-C2D0-4E0E-8E34-4335F1196E4A}"
EndProject
Project("{9A19103F-16F7-4668-BE54-9A1E7A4F7556}") = "Services", "Services\Services.csproj", "{2472BDCA-8773-41DD-9547-C4D07FEFBF53}"
EndProject
Project("{2150E333-8FDC-42A3-9474-1A3956D46DE8}") = "Tests", "Tests", "{9A0E7E66-68D9-4E69-8951-29FC9A31713E}"
EndProject
Project("{9A19103F-16F7-4668-BE54-9A1E7A4F7556}") = "Test.Services", "Test.Services\Test.Services.csproj", "{F171220E-C5E8-4F76-82DA-9BCBA13A4538}"
EndProject
Project("{2150E333-8FDC-42A3-9474-1A3956D46DE8}") = "UnitTests", "UnitTests", "{6CF39854-5DA6-437F-B071-85EE3D506E67}"
EndProject
Project("{2150E333-8FDC-42A3-9474-1A3956D46DE8}") = "Services", "Services", "{370F4572-644F-48C4-81D7-4FAC8BF85296}"
EndProject
Project("{2150E333-8FDC-42A3-9474-1A3956D46DE8}") = "Data", "Data", "{4321E267-2317-4C3E-B4B0-6ADA3C21A3CC}"
EndProject
Project("{2150E333-8FDC-42A3-9474-1A3956D46DE8}") = "MVC", "MVC", "{9F240458-F373-4903-AE90-253FCF5F0A1F}"
EndProject
Project("{2150E333-8FDC-42A3-9474-1A3956D46DE8}") = "Entities", "Entities", "{E6F5F2C8-D7CC-4160-85B3-E7DE8148DA4C}"
EndProject
Project("{9A19103F-16F7-4668-BE54-9A1E7A4F7556}") = "Test.Data", "Data.Tests\Test.Data.csproj", "{3B7CB358-B69F-484D-9A93-B613E886A709}"
EndProject
Project("{FAE04EC0-301F-11D3-BF4B-00C04F79EFBC}") = "Test.Entities", "Test.Entities\Test.Entities.csproj", "{5DC26ABA-6AFE-4401-83B3-137A22520B5D}"
EndProject
Global
	GlobalSection(SolutionConfigurationPlatforms) = preSolution
		Debug|Any CPU = Debug|Any CPU
		Release|Any CPU = Release|Any CPU
	EndGlobalSection
	GlobalSection(ProjectConfigurationPlatforms) = postSolution
		{45B06D5E-5AB8-4DB9-AE87-DED4A745C9D9}.Debug|Any CPU.ActiveCfg = Debug|Any CPU
		{45B06D5E-5AB8-4DB9-AE87-DED4A745C9D9}.Debug|Any CPU.Build.0 = Debug|Any CPU
		{45B06D5E-5AB8-4DB9-AE87-DED4A745C9D9}.Release|Any CPU.ActiveCfg = Release|Any CPU
		{45B06D5E-5AB8-4DB9-AE87-DED4A745C9D9}.Release|Any CPU.Build.0 = Release|Any CPU
		{24561126-C7CC-421A-91DC-2040894042CF}.Debug|Any CPU.ActiveCfg = Debug|Any CPU
		{24561126-C7CC-421A-91DC-2040894042CF}.Debug|Any CPU.Build.0 = Debug|Any CPU
		{24561126-C7CC-421A-91DC-2040894042CF}.Release|Any CPU.ActiveCfg = Release|Any CPU
		{24561126-C7CC-421A-91DC-2040894042CF}.Release|Any CPU.Build.0 = Release|Any CPU
		{10104266-C2D0-4E0E-8E34-4335F1196E4A}.Debug|Any CPU.ActiveCfg = Debug|Any CPU
		{10104266-C2D0-4E0E-8E34-4335F1196E4A}.Debug|Any CPU.Build.0 = Debug|Any CPU
		{10104266-C2D0-4E0E-8E34-4335F1196E4A}.Release|Any CPU.ActiveCfg = Release|Any CPU
		{10104266-C2D0-4E0E-8E34-4335F1196E4A}.Release|Any CPU.Build.0 = Release|Any CPU
		{2472BDCA-8773-41DD-9547-C4D07FEFBF53}.Debug|Any CPU.ActiveCfg = Debug|Any CPU
		{2472BDCA-8773-41DD-9547-C4D07FEFBF53}.Debug|Any CPU.Build.0 = Debug|Any CPU
		{2472BDCA-8773-41DD-9547-C4D07FEFBF53}.Release|Any CPU.ActiveCfg = Release|Any CPU
		{2472BDCA-8773-41DD-9547-C4D07FEFBF53}.Release|Any CPU.Build.0 = Release|Any CPU
		{F171220E-C5E8-4F76-82DA-9BCBA13A4538}.Debug|Any CPU.ActiveCfg = Debug|Any CPU
		{F171220E-C5E8-4F76-82DA-9BCBA13A4538}.Debug|Any CPU.Build.0 = Debug|Any CPU
		{F171220E-C5E8-4F76-82DA-9BCBA13A4538}.Release|Any CPU.ActiveCfg = Release|Any CPU
		{F171220E-C5E8-4F76-82DA-9BCBA13A4538}.Release|Any CPU.Build.0 = Release|Any CPU
		{3B7CB358-B69F-484D-9A93-B613E886A709}.Debug|Any CPU.ActiveCfg = Debug|Any CPU
		{3B7CB358-B69F-484D-9A93-B613E886A709}.Debug|Any CPU.Build.0 = Debug|Any CPU
		{3B7CB358-B69F-484D-9A93-B613E886A709}.Release|Any CPU.ActiveCfg = Release|Any CPU
		{3B7CB358-B69F-484D-9A93-B613E886A709}.Release|Any CPU.Build.0 = Release|Any CPU
		{5DC26ABA-6AFE-4401-83B3-137A22520B5D}.Debug|Any CPU.ActiveCfg = Debug|Any CPU
		{5DC26ABA-6AFE-4401-83B3-137A22520B5D}.Debug|Any CPU.Build.0 = Debug|Any CPU
		{5DC26ABA-6AFE-4401-83B3-137A22520B5D}.Release|Any CPU.ActiveCfg = Release|Any CPU
		{5DC26ABA-6AFE-4401-83B3-137A22520B5D}.Release|Any CPU.Build.0 = Release|Any CPU
	EndGlobalSection
	GlobalSection(SolutionProperties) = preSolution
		HideSolutionNode = FALSE
	EndGlobalSection
	GlobalSection(NestedProjects) = preSolution
		{F171220E-C5E8-4F76-82DA-9BCBA13A4538} = {370F4572-644F-48C4-81D7-4FAC8BF85296}
		{6CF39854-5DA6-437F-B071-85EE3D506E67} = {9A0E7E66-68D9-4E69-8951-29FC9A31713E}
		{370F4572-644F-48C4-81D7-4FAC8BF85296} = {6CF39854-5DA6-437F-B071-85EE3D506E67}
		{4321E267-2317-4C3E-B4B0-6ADA3C21A3CC} = {6CF39854-5DA6-437F-B071-85EE3D506E67}
		{9F240458-F373-4903-AE90-253FCF5F0A1F} = {6CF39854-5DA6-437F-B071-85EE3D506E67}
		{E6F5F2C8-D7CC-4160-85B3-E7DE8148DA4C} = {6CF39854-5DA6-437F-B071-85EE3D506E67}
		{3B7CB358-B69F-484D-9A93-B613E886A709} = {4321E267-2317-4C3E-B4B0-6ADA3C21A3CC}
		{5DC26ABA-6AFE-4401-83B3-137A22520B5D} = {E6F5F2C8-D7CC-4160-85B3-E7DE8148DA4C}
	EndGlobalSection
	GlobalSection(ExtensibilityGlobals) = postSolution
		SolutionGuid = {FFF50EC7-2624-4F27-A625-930F57E00184}
	EndGlobalSection
EndGlobal
